// !$*UTF8*$!
{
	archiveVersion = 1;
	classes = {
	};
	objectVersion = 46;
	objects = {

/* Begin PBXBuildFile section */
		8D75DAE61E15ECD7008AE1D0 /* main.cpp in Sources */ = {isa = PBXBuildFile; fileRef = 8D75DAE51E15ECD6008AE1D0 /* main.cpp */; };
/* End PBXBuildFile section */

/* Begin PBXCopyFilesBuildPhase section */
		8D75DAE01E15ECD6008AE1D0 /* CopyFiles */ = {
			isa = PBXCopyFilesBuildPhase;
			buildActionMask = 2147483647;
			dstPath = /usr/share/man/man1/;
			dstSubfolderSpec = 0;
			files = (
			);
			runOnlyForDeploymentPostprocessing = 1;
		};
/* End PBXCopyFilesBuildPhase section */

/* Begin PBXFileReference section */
		8D75DAE21E15ECD6008AE1D0 /* convert */ = {isa = PBXFileReference; explicitFileType = "compiled.mach-o.executable"; includeInIndex = 0; path = convert; sourceTree = BUILT_PRODUCTS_DIR; };
		8D75DAE51E15ECD6008AE1D0 /* main.cpp */ = {isa = PBXFileReference; lastKnownFileType = sourcecode.cpp.cpp; path = main.cpp; sourceTree = "<group>"; };
/* End PBXFileReference section */

/* Begin PBXFrameworksBuildPhase section */
		8D75DADF1E15ECD6008AE1D0 /* Frameworks */ = {
			isa = PBXFrameworksBuildPhase;
			buildActionMask = 2147483647;
			files = (
			);
			runOnlyForDeploymentPostprocessing = 0;
		};
/* End PBXFrameworksBuildPhase section */

/* Begin PBXGroup section */
		8D75DAD91E15ECD6008AE1D0 = {
			isa = PBXGroup;
			children = (
				8D75DAE41E15ECD6008AE1D0 /* convert */,
				8D75DAE31E15ECD6008AE1D0 /* Products */,
			);
			sourceTree = "<group>";
		};
		8D75DAE31E15ECD6008AE1D0 /* Products */ = {
			isa = PBXGroup;
			children = (
				8D75DAE21E15ECD6008AE1D0 /* convert */,
			);
			name = Products;
			sourceTree = "<group>";
		};
		8D75DAE41E15ECD6008AE1D0 /* convert */ = {
			isa = PBXGroup;
			children = (
				8D75DAE51E15ECD6008AE1D0 /* main.cpp */,
			);
			path = convert;
			sourceTree = "<group>";
		};
/* End PBXGroup section */

/* Begin PBXNativeTarget section */
		8D75DAE11E15ECD6008AE1D0 /* convert */ = {
			isa = PBXNativeTarget;
			buildConfigurationList = 8D75DAE91E15ECD7008AE1D0 /* Build configuration list for PBXNativeTarget "convert" */;
			buildPhases = (
				8D75DADE1E15ECD6008AE1D0 /* Sources */,
				8D75DADF1E15ECD6008AE1D0 /* Frameworks */,
				8D75DAE01E15ECD6008AE1D0 /* CopyFiles */,
			);
			buildRules = (
			);
			dependencies = (
			);
			name = convert;
			productName = convert;
			productReference = 8D75DAE21E15ECD6008AE1D0 /* convert */;
			productType = "com.apple.product-type.tool";
		};
/* End PBXNativeTarget section */

/* Begin PBXProject section */
		8D75DADA1E15ECD6008AE1D0 /* Project object */ = {
			isa = PBXProject;
			attributes = {
				LastUpgradeCheck = 0820;
				ORGANIZATIONNAME = "LONGBIAO CHEN";
				TargetAttributes = {
					8D75DAE11E15ECD6008AE1D0 = {
						CreatedOnToolsVersion = 8.2.1;
						ProvisioningStyle = Automatic;
					};
				};
			};
			buildConfigurationList = 8D75DADD1E15ECD6008AE1D0 /* Build configuration list for PBXProject "convert" */;
			compatibilityVersion = "Xcode 3.2";
			developmentRegion = English;
			hasScannedForEncodings = 0;
			knownRegions = (
				en,
			);
			mainGroup = 8D75DAD91E15ECD6008AE1D0;
			productRefGroup = 8D75DAE31E15ECD6008AE1D0 /* Products */;
			projectDirPath = "";
			projectRoot = "";
			targets = (
				8D75DAE11E15ECD6008AE1D0 /* convert */,
			);
		};
/* End PBXProject section */

/* Begin PBXSourcesBuildPhase section */
		8D75DADE1E15ECD6008AE1D0 /* Sources */ = {
			isa = PBXSourcesBuildPhase;
			buildActionMask = 2147483647;
			files = (
				8D75DAE61E15ECD7008AE1D0 /* main.cpp in Sources */,
			);
			runOnlyForDeploymentPostprocessing = 0;
		};
/* End PBXSourcesBuildPhase section */

/* Begin XCBuildConfiguration section */
		8D75DAE71E15ECD7008AE1D0 /* Debug */ = {
			isa = XCBuildConfiguration;
			buildSettings = {
				ALWAYS_SEARCH_USER_PATHS = NO;
				CLANG_ANALYZER_NONNULL = YES;
				CLANG_CXX_LANGUAGE_STANDARD = "gnu++0x";
				CLANG_CXX_LIBRARY = "libc++";
				CLANG_ENABLE_MODULES = YES;
				CLANG_ENABLE_OBJC_ARC = YES;
				CLANG_WARN_BOOL_CONVERSION = YES;
				CLANG_WARN_CONSTANT_CONVERSION = YES;
				CLANG_WARN_DIRECT_OBJC_ISA_USAGE = YES_ERROR;
				CLANG_WARN_DOCUMENTATION_COMMENTS = YES;
				CLANG_WARN_EMPTY_BODY = YES;
				CLANG_WARN_ENUM_CONVERSION = YES;
				CLANG_WARN_INFINITE_RECURSION = YES;
				CLANG_WARN_INT_CONVERSION = YES;
				CLANG_WARN_OBJC_ROOT_CLASS = YES_ERROR;
				CLANG_WARN_SUSPICIOUS_MOVE = YES;
				CLANG_WARN_UNREACHABLE_CODE = YES;
				CLANG_WARN__DUPLICATE_METHOD_MATCH = YES;
				CODE_SIGN_IDENTITY = "-";
				COPY_PHASE_STRIP = NO;
				DEBUG_INFORMATION_FORMAT = dwarf;
				ENABLE_STRICT_OBJC_MSGSEND = YES;
				ENABLE_TESTABILITY = YES;
				GCC_C_LANGUAGE_STANDARD = gnu99;
				GCC_DYNAMIC_NO_PIC = NO;
				GCC_NO_COMMON_BLOCKS = YES;
				GCC_OPTIMIZATION_LEVEL = 0;
				GCC_PREPROCESSOR_DEFINITIONS = (
					"DEBUG=1",
					"$(inherited)",
				);
				GCC_WARN_64_TO_32_BIT_CONVERSION = YES;
				GCC_WARN_ABOUT_RETURN_TYPE = YES_ERROR;
				GCC_WARN_UNDECLARED_SELECTOR = YES;
				GCC_WARN_UNINITIALIZED_AUTOS = YES_AGGRESSIVE;
				GCC_WARN_UNUSED_FUNCTION = YES;
				GCC_WARN_UNUSED_VARIABLE = YES;
				MACOSX_DEPLOYMENT_TARGET = 10.12;
				MTL_ENABLE_DEBUG_INFO = YES;
				ONLY_ACTIVE_ARCH = YES;
				SDKROOT = macosx;
			};
			name = Debug;
		};
		8D75DAE81E15ECD7008AE1D0 /* Release */ = {
			isa = XCBuildConfiguration;
			buildSettings = {
				ALWAYS_SEARCH_USER_PATHS = NO;
				CLANG_ANALYZER_NONNULL = YES;
				CLANG_CXX_LANGUAGE_STANDARD = "gnu++0x";
				CLANG_CXX_LIBRARY = "libc++";
				CLANG_ENABLE_MODULES = YES;
				CLANG_ENABLE_OBJC_ARC = YES;
				CLANG_WARN_BOOL_CONVERSION = YES;
				CLANG_WARN_CONSTANT_CONVERSION = YES;
				CLANG_WARN_DIRECT_OBJC_ISA_USAGE = YES_ERROR;
				CLANG_WARN_DOCUMENTATION_COMMENTS = YES;
				CLANG_WARN_EMPTY_BODY = YES;
				CLANG_WARN_ENUM_CONVERSION = YES;
				CLANG_WARN_INFINITE_RECURSION = YES;
				CLANG_WARN_INT_CONVERSION = YES;
				CLANG_WARN_OBJC_ROOT_CLASS = YES_ERROR;
				CLANG_WARN_SUSPICIOUS_MOVE = YES;
				CLANG_WARN_UNREACHABLE_CODE = YES;
				CLANG_WARN__DUPLICATE_METHOD_MATCH = YES;
				CODE_SIGN_IDENTITY = "-";
				COPY_PHASE_STRIP = NO;
				DEBUG_INFORMATION_FORMAT = "dwarf-with-dsym";
				ENABLE_NS_ASSERTIONS = NO;
				ENABLE_STRICT_OBJC_MSGSEND = YES;
				GCC_C_LANGUAGE_STANDARD = gnu99;
				GCC_NO_COMMON_BLOCKS = YES;
				GCC_WARN_64_TO_32_BIT_CONVERSION = YES;
				GCC_WARN_ABOUT_RETURN_TYPE = YES_ERROR;
				GCC_WARN_UNDECLARED_SELECTOR = YES;
				GCC_WARN_UNINITIALIZED_AUTOS = YES_AGGRESSIVE;
				GCC_WARN_UNUSED_FUNCTION = YES;
				GCC_WARN_UNUSED_VARIABLE = YES;
				MACOSX_DEPLOYMENT_TARGET = 10.12;
				MTL_ENABLE_DEBUG_INFO = NO;
				SDKROOT = macosx;
			};
			name = Release;
		};
		8D75DAEA1E15ECD7008AE1D0 /* Debug */ = {
			isa = XCBuildConfiguration;
			buildSettings = {
				"OTHER_LDFLAGS[arch=*]" = "-lsqlite3";
				PRODUCT_NAME = "$(TARGET_NAME)";
			};
			name = Debug;
		};
		8D75DAEB1E15ECD7008AE1D0 /* Release */ = {
			isa = XCBuildConfiguration;
			buildSettings = {
				"OTHER_LDFLAGS[arch=*]" = "-lsqlite3";
				PRODUCT_NAME = "$(TARGET_NAME)";
			};
			name = Release;
		};
/* End XCBuildConfiguration section */

/* Begin XCConfigurationList section */
		8D75DADD1E15ECD6008AE1D0 /* Build configuration list for PBXProject "convert" */ = {
			isa = XCConfigurationList;
			buildConfigurations = (
				8D75DAE71E15ECD7008AE1D0 /* Debug */,
				8D75DAE81E15ECD7008AE1D0 /* Release */,
			);
			defaultConfigurationIsVisible = 0;
			defaultConfigurationName = Release;
		};
		8D75DAE91E15ECD7008AE1D0 /* Build configuration list for PBXNativeTarget "convert" */ = {
			isa = XCConfigurationList;
			buildConfigurations = (
				8D75DAEA1E15ECD7008AE1D0 /* Debug */,
				8D75DAEB1E15ECD7008AE1D0 /* Release */,
			);
			defaultConfigurationIsVisible = 0;
		};
/* End XCConfigurationList section */
	};
	rootObject = 8D75DADA1E15ECD6008AE1D0 /* Project object */;
}
